
Microsoft Visual Studio Solution File, Format Version 12.00
# Visual Studio Version 17
VisualStudioVersion = 17.4.33110.190
MinimumVisualStudioVersion = 10.0.40219.1
Project("{FAE04EC0-301F-11D3-BF4B-00C04F79EFBC}") = "Itogoviy_praktos", "Itogoviy_praktos.csproj", "{1CCF3543-1572-4476-8B2C-CFEB584BBDC4}"
EndProject
Global
	GlobalSection(SolutionConfigurationPlatforms) = preSolution
		Debug|Any CPU = Debug|Any CPU
		Release|Any CPU = Release|Any CPU
	EndGlobalSection
	GlobalSection(ProjectConfigurationPlatforms) = postSolution
		{1CCF3543-1572-4476-8B2C-CFEB584BBDC4}.Debug|Any CPU.ActiveCfg = Debug|Any CPU
		{1CCF3543-1572-4476-8B2C-CFEB584BBDC4}.Debug|Any CPU.Build.0 = Debug|Any CPU
		{1CCF3543-1572-4476-8B2C-CFEB584BBDC4}.Release|Any CPU.ActiveCfg = Release|Any CPU
		{1CCF3543-1572-4476-8B2C-CFEB584BBDC4}.Release|Any CPU.Build.0 = Release|Any CPU
	EndGlobalSection
	GlobalSection(SolutionProperties) = preSolution
		HideSolutionNode = FALSE
	EndGlobalSection
	GlobalSection(ExtensibilityGlobals) = postSolution
		SolutionGuid = {5E40D449-F26F-44F6-AC1E-3D4CB16D1EEA}
	EndGlobalSection
EndGlobal
